<Solution>
  <Project Path="BankCore.Domain/BankCore.Domain.csproj" />
  <Project Path="BankCore.Application/BankCore.Application.csproj" />
  <Project Path="BankCore.Infrastructure/BankCore.Infrastructure.csproj" />
  <Project Path="BankCore.Api/BankCore.Api.csproj" />
  <Project Path="BankCore.Tests/BankCore.Tests.csproj" />
</Solution>
